// !$*UTF8*$!
{
	archiveVersion = 1;
	classes = {
	};
	objectVersion = 48;
	objects = {

/* Begin PBXBuildFile section */
		16962EAA2162F23B009CD8FE /* AppDelegate.swift in Sources */ = {isa = PBXBuildFile; fileRef = 16962EA92162F23B009CD8FE /* AppDelegate.swift */; };
		16962EAC2162F23B009CD8FE /* ViewController.swift in Sources */ = {isa = PBXBuildFile; fileRef = 16962EAB2162F23B009CD8FE /* ViewController.swift */; };
		16962EAF2162F23B009CD8FE /* Main.storyboard in Resources */ = {isa = PBXBuildFile; fileRef = 16962EAD2162F23B009CD8FE /* Main.storyboard */; };
		16962EB12162F23B009CD8FE /* Assets.xcassets in Resources */ = {isa = PBXBuildFile; fileRef = 16962EB02162F23B009CD8FE /* Assets.xcassets */; };
		16962EB42162F23B009CD8FE /* LaunchScreen.storyboard in Resources */ = {isa = PBXBuildFile; fileRef = 16962EB22162F23B009CD8FE /* LaunchScreen.storyboard */; };
		16962EBF2162F23B009CD8FE /* Chicago_Tourism_HotspotsTests.swift in Sources */ = {isa = PBXBuildFile; fileRef = 16962EBE2162F23B009CD8FE /* Chicago_Tourism_HotspotsTests.swift */; };
		16962ECA2162F23B009CD8FE /* Chicago_Tourism_HotspotsUITests.swift in Sources */ = {isa = PBXBuildFile; fileRef = 16962EC92162F23B009CD8FE /* Chicago_Tourism_HotspotsUITests.swift */; };
		16962ED82162F289009CD8FE /* podfile in Resources */ = {isa = PBXBuildFile; fileRef = 16962ED72162F289009CD8FE /* podfile */; };
		16962F1821631B4B009CD8FE /* ChicagoTouristHotspots.csv in Resources */ = {isa = PBXBuildFile; fileRef = 16962F1721631B4B009CD8FE /* ChicagoTouristHotspots.csv */; };
		7E3ADF139C1E7B214197090A /* libPods-Chicago_Tourism_Hotspots.a in Frameworks */ = {isa = PBXBuildFile; fileRef = 507786D551D05D169CEE4950 /* libPods-Chicago_Tourism_Hotspots.a */; };
/* End PBXBuildFile section */

/* Begin PBXContainerItemProxy section */
		16962EBB2162F23B009CD8FE /* PBXContainerItemProxy */ = {
			isa = PBXContainerItemProxy;
			containerPortal = 16962E9E2162F23A009CD8FE /* Project object */;
			proxyType = 1;
			remoteGlobalIDString = 16962EA52162F23B009CD8FE;
			remoteInfo = Chicago_Tourism_Hotspots;
		};
		16962EC62162F23B009CD8FE /* PBXContainerItemProxy */ = {
			isa = PBXContainerItemProxy;
			containerPortal = 16962E9E2162F23A009CD8FE /* Project object */;
			proxyType = 1;
			remoteGlobalIDString = 16962EA52162F23B009CD8FE;
			remoteInfo = Chicago_Tourism_Hotspots;
		};
/* End PBXContainerItemProxy section */

/* Begin PBXFileReference section */
		16962EA62162F23B009CD8FE /* Chicago_Tourism_Hotspots.app */ = {isa = PBXFileReference; explicitFileType = wrapper.application; includeInIndex = 0; path = Chicago_Tourism_Hotspots.app; sourceTree = BUILT_PRODUCTS_DIR; };
		16962EA92162F23B009CD8FE /* AppDelegate.swift */ = {isa = PBXFileReference; lastKnownFileType = sourcecode.swift; path = AppDelegate.swift; sourceTree = "<group>"; };
		16962EAB2162F23B009CD8FE /* ViewController.swift */ = {isa = PBXFileReference; lastKnownFileType = sourcecode.swift; path = ViewController.swift; sourceTree = "<group>"; };
		16962EAE2162F23B009CD8FE /* Base */ = {isa = PBXFileReference; lastKnownFileType = file.storyboard; name = Base; path = Base.lproj/Main.storyboard; sourceTree = "<group>"; };
		16962EB02162F23B009CD8FE /* Assets.xcassets */ = {isa = PBXFileReference; lastKnownFileType = folder.assetcatalog; path = Assets.xcassets; sourceTree = "<group>"; };
		16962EB32162F23B009CD8FE /* Base */ = {isa = PBXFileReference; lastKnownFileType = file.storyboard; name = Base; path = Base.lproj/LaunchScreen.storyboard; sourceTree = "<group>"; };
		16962EB52162F23B009CD8FE /* Info.plist */ = {isa = PBXFileReference; lastKnownFileType = text.plist.xml; path = Info.plist; sourceTree = "<group>"; };
		16962EBA2162F23B009CD8FE /* Chicago_Tourism_HotspotsTests.xctest */ = {isa = PBXFileReference; explicitFileType = wrapper.cfbundle; includeInIndex = 0; path = Chicago_Tourism_HotspotsTests.xctest; sourceTree = BUILT_PRODUCTS_DIR; };
		16962EBE2162F23B009CD8FE /* Chicago_Tourism_HotspotsTests.swift */ = {isa = PBXFileReference; lastKnownFileType = sourcecode.swift; path = Chicago_Tourism_HotspotsTests.swift; sourceTree = "<group>"; };
		16962EC02162F23B009CD8FE /* Info.plist */ = {isa = PBXFileReference; lastKnownFileType = text.plist.xml; path = Info.plist; sourceTree = "<group>"; };
		16962EC52162F23B009CD8FE /* Chicago_Tourism_HotspotsUITests.xctest */ = {isa = PBXFileReference; explicitFileType = wrapper.cfbundle; includeInIndex = 0; path = Chicago_Tourism_HotspotsUITests.xctest; sourceTree = BUILT_PRODUCTS_DIR; };
		16962EC92162F23B009CD8FE /* Chicago_Tourism_HotspotsUITests.swift */ = {isa = PBXFileReference; lastKnownFileType = sourcecode.swift; path = Chicago_Tourism_HotspotsUITests.swift; sourceTree = "<group>"; };
		16962ECB2162F23B009CD8FE /* Info.plist */ = {isa = PBXFileReference; lastKnownFileType = text.plist.xml; path = Info.plist; sourceTree = "<group>"; };
		16962ED72162F289009CD8FE /* podfile */ = {isa = PBXFileReference; lastKnownFileType = text; path = podfile; sourceTree = "<group>"; };
		16962F1721631B4B009CD8FE /* ChicagoTouristHotspots.csv */ = {isa = PBXFileReference; fileEncoding = 4; lastKnownFileType = text; path = ChicagoTouristHotspots.csv; sourceTree = SOURCE_ROOT; };
		3D99EBB036D651D985F377D2 /* Pods-Chicago_Tourism_Hotspots.release.xcconfig */ = {isa = PBXFileReference; includeInIndex = 1; lastKnownFileType = text.xcconfig; name = "Pods-Chicago_Tourism_Hotspots.release.xcconfig"; path = "Pods/Target Support Files/Pods-Chicago_Tourism_Hotspots/Pods-Chicago_Tourism_Hotspots.release.xcconfig"; sourceTree = "<group>"; };
		507786D551D05D169CEE4950 /* libPods-Chicago_Tourism_Hotspots.a */ = {isa = PBXFileReference; explicitFileType = archive.ar; includeInIndex = 0; path = "libPods-Chicago_Tourism_Hotspots.a"; sourceTree = BUILT_PRODUCTS_DIR; };
		CAA0692F919EA6F4130DD860 /* Pods-Chicago_Tourism_Hotspots.debug.xcconfig */ = {isa = PBXFileReference; includeInIndex = 1; lastKnownFileType = text.xcconfig; name = "Pods-Chicago_Tourism_Hotspots.debug.xcconfig"; path = "Pods/Target Support Files/Pods-Chicago_Tourism_Hotspots/Pods-Chicago_Tourism_Hotspots.debug.xcconfig"; sourceTree = "<group>"; };
/* End PBXFileReference section */

/* Begin PBXFrameworksBuildPhase section */
		16962EA32162F23B009CD8FE /* Frameworks */ = {
			isa = PBXFrameworksBuildPhase;
			buildActionMask = 2147483647;
			files = (
				7E3ADF139C1E7B214197090A /* libPods-Chicago_Tourism_Hotspots.a in Frameworks */,
			);
			runOnlyForDeploymentPostprocessing = 0;
		};
		16962EB72162F23B009CD8FE /* Frameworks */ = {
			isa = PBXFrameworksBuildPhase;
			buildActionMask = 2147483647;
			files = (
			);
			runOnlyForDeploymentPostprocessing = 0;
		};
		16962EC22162F23B009CD8FE /* Frameworks */ = {
			isa = PBXFrameworksBuildPhase;
			buildActionMask = 2147483647;
			files = (
			);
			runOnlyForDeploymentPostprocessing = 0;
		};
/* End PBXFrameworksBuildPhase section */

/* Begin PBXGroup section */
		16962E9D2162F23A009CD8FE = {
			isa = PBXGroup;
			children = (
				16962ED72162F289009CD8FE /* podfile */,
				16962EA82162F23B009CD8FE /* Chicago_Tourism_Hotspots */,
				16962EBD2162F23B009CD8FE /* Chicago_Tourism_HotspotsTests */,
				16962EC82162F23B009CD8FE /* Chicago_Tourism_HotspotsUITests */,
				16962EA72162F23B009CD8FE /* Products */,
				87AA4E88202542DDC131F983 /* Pods */,
				903B9D28F0BB67282C2BCFD5 /* Frameworks */,
			);
			sourceTree = "<group>";
		};
		16962EA72162F23B009CD8FE /* Products */ = {
			isa = PBXGroup;
			children = (
				16962EA62162F23B009CD8FE /* Chicago_Tourism_Hotspots.app */,
				16962EBA2162F23B009CD8FE /* Chicago_Tourism_HotspotsTests.xctest */,
				16962EC52162F23B009CD8FE /* Chicago_Tourism_HotspotsUITests.xctest */,
			);
			name = Products;
			sourceTree = "<group>";
		};
		16962EA82162F23B009CD8FE /* Chicago_Tourism_Hotspots */ = {
			isa = PBXGroup;
			children = (
				16962F1721631B4B009CD8FE /* ChicagoTouristHotspots.csv */,
				16962EA92162F23B009CD8FE /* AppDelegate.swift */,
				16962EAB2162F23B009CD8FE /* ViewController.swift */,
				16962EAD2162F23B009CD8FE /* Main.storyboard */,
				16962EB02162F23B009CD8FE /* Assets.xcassets */,
				16962EB22162F23B009CD8FE /* LaunchScreen.storyboard */,
				16962EB52162F23B009CD8FE /* Info.plist */,
			);
			path = Chicago_Tourism_Hotspots;
			sourceTree = "<group>";
		};
		16962EBD2162F23B009CD8FE /* Chicago_Tourism_HotspotsTests */ = {
			isa = PBXGroup;
			children = (
				16962EBE2162F23B009CD8FE /* Chicago_Tourism_HotspotsTests.swift */,
				16962EC02162F23B009CD8FE /* Info.plist */,
			);
			path = Chicago_Tourism_HotspotsTests;
			sourceTree = "<group>";
		};
		16962EC82162F23B009CD8FE /* Chicago_Tourism_HotspotsUITests */ = {
			isa = PBXGroup;
			children = (
				16962EC92162F23B009CD8FE /* Chicago_Tourism_HotspotsUITests.swift */,
				16962ECB2162F23B009CD8FE /* Info.plist */,
			);
			path = Chicago_Tourism_HotspotsUITests;
			sourceTree = "<group>";
		};
		87AA4E88202542DDC131F983 /* Pods */ = {
			isa = PBXGroup;
			children = (
				CAA0692F919EA6F4130DD860 /* Pods-Chicago_Tourism_Hotspots.debug.xcconfig */,
				3D99EBB036D651D985F377D2 /* Pods-Chicago_Tourism_Hotspots.release.xcconfig */,
			);
			name = Pods;
			sourceTree = "<group>";
		};
		903B9D28F0BB67282C2BCFD5 /* Frameworks */ = {
			isa = PBXGroup;
			children = (
				507786D551D05D169CEE4950 /* libPods-Chicago_Tourism_Hotspots.a */,
			);
			name = Frameworks;
			sourceTree = "<group>";
		};
/* End PBXGroup section */

/* Begin PBXNativeTarget section */
		16962EA52162F23B009CD8FE /* Chicago_Tourism_Hotspots */ = {
			isa = PBXNativeTarget;
			buildConfigurationList = 16962ECE2162F23B009CD8FE /* Build configuration list for PBXNativeTarget "Chicago_Tourism_Hotspots" */;
			buildPhases = (
				3C09AF74B74671BF04AE1542 /* [CP] Check Pods Manifest.lock */,
				16962EA22162F23B009CD8FE /* Sources */,
				16962EA32162F23B009CD8FE /* Frameworks */,
				16962EA42162F23B009CD8FE /* Resources */,
				848837DD2302368187E18009 /* [CP] Copy Pods Resources */,
			);
			buildRules = (
			);
			dependencies = (
			);
			name = Chicago_Tourism_Hotspots;
			productName = Chicago_Tourism_Hotspots;
			productReference = 16962EA62162F23B009CD8FE /* Chicago_Tourism_Hotspots.app */;
			productType = "com.apple.product-type.application";
		};
		16962EB92162F23B009CD8FE /* Chicago_Tourism_HotspotsTests */ = {
			isa = PBXNativeTarget;
			buildConfigurationList = 16962ED12162F23B009CD8FE /* Build configuration list for PBXNativeTarget "Chicago_Tourism_HotspotsTests" */;
			buildPhases = (
				16962EB62162F23B009CD8FE /* Sources */,
				16962EB72162F23B009CD8FE /* Frameworks */,
				16962EB82162F23B009CD8FE /* Resources */,
			);
			buildRules = (
			);
			dependencies = (
				16962EBC2162F23B009CD8FE /* PBXTargetDependency */,
			);
			name = Chicago_Tourism_HotspotsTests;
			productName = Chicago_Tourism_HotspotsTests;
			productReference = 16962EBA2162F23B009CD8FE /* Chicago_Tourism_HotspotsTests.xctest */;
			productType = "com.apple.product-type.bundle.unit-test";
		};
		16962EC42162F23B009CD8FE /* Chicago_Tourism_HotspotsUITests */ = {
			isa = PBXNativeTarget;
			buildConfigurationList = 16962ED42162F23B009CD8FE /* Build configuration list for PBXNativeTarget "Chicago_Tourism_HotspotsUITests" */;
			buildPhases = (
				16962EC12162F23B009CD8FE /* Sources */,
				16962EC22162F23B009CD8FE /* Frameworks */,
				16962EC32162F23B009CD8FE /* Resources */,
			);
			buildRules = (
			);
			dependencies = (
				16962EC72162F23B009CD8FE /* PBXTargetDependency */,
			);
			name = Chicago_Tourism_HotspotsUITests;
			productName = Chicago_Tourism_HotspotsUITests;
			productReference = 16962EC52162F23B009CD8FE /* Chicago_Tourism_HotspotsUITests.xctest */;
			productType = "com.apple.product-type.bundle.ui-testing";
		};
/* End PBXNativeTarget section */

/* Begin PBXProject section */
		16962E9E2162F23A009CD8FE /* Project object */ = {
			isa = PBXProject;
			attributes = {
				LastSwiftUpdateCheck = 0920;
				LastUpgradeCheck = 0920;
				ORGANIZATIONNAME = "Chance Potter";
				TargetAttributes = {
					16962EA52162F23B009CD8FE = {
						CreatedOnToolsVersion = 9.2;
						ProvisioningStyle = Automatic;
					};
					16962EB92162F23B009CD8FE = {
						CreatedOnToolsVersion = 9.2;
						ProvisioningStyle = Automatic;
						TestTargetID = 16962EA52162F23B009CD8FE;
					};
					16962EC42162F23B009CD8FE = {
						CreatedOnToolsVersion = 9.2;
						ProvisioningStyle = Automatic;
						TestTargetID = 16962EA52162F23B009CD8FE;
					};
				};
			};
			buildConfigurationList = 16962EA12162F23A009CD8FE /* Build configuration list for PBXProject "Chicago_Tourism_Hotspots" */;
			compatibilityVersion = "Xcode 8.0";
			developmentRegion = en;
			hasScannedForEncodings = 0;
			knownRegions = (
				en,
				Base,
			);
			mainGroup = 16962E9D2162F23A009CD8FE;
			productRefGroup = 16962EA72162F23B009CD8FE /* Products */;
			projectDirPath = "";
			projectRoot = "";
			targets = (
				16962EA52162F23B009CD8FE /* Chicago_Tourism_Hotspots */,
				16962EB92162F23B009CD8FE /* Chicago_Tourism_HotspotsTests */,
				16962EC42162F23B009CD8FE /* Chicago_Tourism_HotspotsUITests */,
			);
		};
/* End PBXProject section */

/* Begin PBXResourcesBuildPhase section */
		16962EA42162F23B009CD8FE /* Resources */ = {
			isa = PBXResourcesBuildPhase;
			buildActionMask = 2147483647;
			files = (
				16962EB42162F23B009CD8FE /* LaunchScreen.storyboard in Resources */,
				16962EB12162F23B009CD8FE /* Assets.xcassets in Resources */,
				16962ED82162F289009CD8FE /* podfile in Resources */,
				16962F1821631B4B009CD8FE /* ChicagoTouristHotspots.csv in Resources */,
				16962EAF2162F23B009CD8FE /* Main.storyboard in Resources */,
			);
			runOnlyForDeploymentPostprocessing = 0;
		};
		16962EB82162F23B009CD8FE /* Resources */ = {
			isa = PBXResourcesBuildPhase;
			buildActionMask = 2147483647;
			files = (
			);
			runOnlyForDeploymentPostprocessing = 0;
		};
		16962EC32162F23B009CD8FE /* Resources */ = {
			isa = PBXResourcesBuildPhase;
			buildActionMask = 2147483647;
			files = (
			);
			runOnlyForDeploymentPostprocessing = 0;
		};
/* End PBXResourcesBuildPhase section */

/* Begin PBXShellScriptBuildPhase section */
		3C09AF74B74671BF04AE1542 /* [CP] Check Pods Manifest.lock */ = {
			isa = PBXShellScriptBuildPhase;
			buildActionMask = 2147483647;
			files = (
			);
			inputPaths = (
				"${PODS_PODFILE_DIR_PATH}/Podfile.lock",
				"${PODS_ROOT}/Manifest.lock",
			);
			name = "[CP] Check Pods Manifest.lock";
			outputPaths = (
				"$(DERIVED_FILE_DIR)/Pods-Chicago_Tourism_Hotspots-checkManifestLockResult.txt",
			);
			runOnlyForDeploymentPostprocessing = 0;
			shellPath = /bin/sh;
			shellScript = "diff \"${PODS_PODFILE_DIR_PATH}/Podfile.lock\" \"${PODS_ROOT}/Manifest.lock\" > /dev/null\nif [ $? != 0 ] ; then\n    # print error to STDERR\n    echo \"error: The sandbox is not in sync with the Podfile.lock. Run 'pod install' or update your CocoaPods installation.\" >&2\n    exit 1\nfi\n# This output is used by Xcode 'outputs' to avoid re-running this script phase.\necho \"SUCCESS\" > \"${SCRIPT_OUTPUT_FILE_0}\"\n";
			showEnvVarsInLog = 0;
		};
		848837DD2302368187E18009 /* [CP] Copy Pods Resources */ = {
			isa = PBXShellScriptBuildPhase;
			buildActionMask = 2147483647;
			files = (
			);
			inputPaths = (
				"${SRCROOT}/Pods/Target Support Files/Pods-Chicago_Tourism_Hotspots/Pods-Chicago_Tourism_Hotspots-resources.sh",
				"${PODS_ROOT}/GoogleMaps/Maps/Frameworks/GoogleMaps.framework/Resources/GoogleMaps.bundle",
				"${PODS_ROOT}/GooglePlaces/Frameworks/GooglePlaces.framework/Resources/GooglePlaces.bundle",
			);
			name = "[CP] Copy Pods Resources";
			outputPaths = (
				"${TARGET_BUILD_DIR}/${UNLOCALIZED_RESOURCES_FOLDER_PATH}/GoogleMaps.bundle",
				"${TARGET_BUILD_DIR}/${UNLOCALIZED_RESOURCES_FOLDER_PATH}/GooglePlaces.bundle",
			);
			runOnlyForDeploymentPostprocessing = 0;
			shellPath = /bin/sh;
			shellScript = "\"${SRCROOT}/Pods/Target Support Files/Pods-Chicago_Tourism_Hotspots/Pods-Chicago_Tourism_Hotspots-resources.sh\"\n";
			showEnvVarsInLog = 0;
		};
/* End PBXShellScriptBuildPhase section */

/* Begin PBXSourcesBuildPhase section */
		16962EA22162F23B009CD8FE /* Sources */ = {
			isa = PBXSourcesBuildPhase;
			buildActionMask = 2147483647;
			files = (
				16962EAC2162F23B009CD8FE /* ViewController.swift in Sources */,
				16962EAA2162F23B009CD8FE /* AppDelegate.swift in Sources */,
			);
			runOnlyForDeploymentPostprocessing = 0;
		};
		16962EB62162F23B009CD8FE /* Sources */ = {
			isa = PBXSourcesBuildPhase;
			buildActionMask = 2147483647;
			files = (
				16962EBF2162F23B009CD8FE /* Chicago_Tourism_HotspotsTests.swift in Sources */,
			);
			runOnlyForDeploymentPostprocessing = 0;
		};
		16962EC12162F23B009CD8FE /* Sources */ = {
			isa = PBXSourcesBuildPhase;
			buildActionMask = 2147483647;
			files = (
				16962ECA2162F23B009CD8FE /* Chicago_Tourism_HotspotsUITests.swift in Sources */,
			);
			runOnlyForDeploymentPostprocessing = 0;
		};
/* End PBXSourcesBuildPhase section */

/* Begin PBXTargetDependency section */
		16962EBC2162F23B009CD8FE /* PBXTargetDependency */ = {
			isa = PBXTargetDependency;
			target = 16962EA52162F23B009CD8FE /* Chicago_Tourism_Hotspots */;
			targetProxy = 16962EBB2162F23B009CD8FE /* PBXContainerItemProxy */;
		};
		16962EC72162F23B009CD8FE /* PBXTargetDependency */ = {
			isa = PBXTargetDependency;
			target = 16962EA52162F23B009CD8FE /* Chicago_Tourism_Hotspots */;
			targetProxy = 16962EC62162F23B009CD8FE /* PBXContainerItemProxy */;
		};
/* End PBXTargetDependency section */

/* Begin PBXVariantGroup section */
		16962EAD2162F23B009CD8FE /* Main.storyboard */ = {
			isa = PBXVariantGroup;
			children = (
				16962EAE2162F23B009CD8FE /* Base */,
			);
			name = Main.storyboard;
			sourceTree = "<group>";
		};
		16962EB22162F23B009CD8FE /* LaunchScreen.storyboard */ = {
			isa = PBXVariantGroup;
			children = (
				16962EB32162F23B009CD8FE /* Base */,
			);
			name = LaunchScreen.storyboard;
			sourceTree = "<group>";
		};
/* End PBXVariantGroup section */

/* Begin XCBuildConfiguration section */
		16962ECC2162F23B009CD8FE /* Debug */ = {
			isa = XCBuildConfiguration;
			buildSettings = {
				ALWAYS_SEARCH_USER_PATHS = NO;
				CLANG_ANALYZER_NONNULL = YES;
				CLANG_ANALYZER_NUMBER_OBJECT_CONVERSION = YES_AGGRESSIVE;
				CLANG_CXX_LANGUAGE_STANDARD = "gnu++14";
				CLANG_CXX_LIBRARY = "libc++";
				CLANG_ENABLE_MODULES = YES;
				CLANG_ENABLE_OBJC_ARC = YES;
				CLANG_WARN_BLOCK_CAPTURE_AUTORELEASING = YES;
				CLANG_WARN_BOOL_CONVERSION = YES;
				CLANG_WARN_COMMA = YES;
				CLANG_WARN_CONSTANT_CONVERSION = YES;
				CLANG_WARN_DIRECT_OBJC_ISA_USAGE = YES_ERROR;
				CLANG_WARN_DOCUMENTATION_COMMENTS = YES;
				CLANG_WARN_EMPTY_BODY = YES;
				CLANG_WARN_ENUM_CONVERSION = YES;
				CLANG_WARN_INFINITE_RECURSION = YES;
				CLANG_WARN_INT_CONVERSION = YES;
				CLANG_WARN_NON_LITERAL_NULL_CONVERSION = YES;
				CLANG_WARN_OBJC_LITERAL_CONVERSION = YES;
				CLANG_WARN_OBJC_ROOT_CLASS = YES_ERROR;
				CLANG_WARN_RANGE_LOOP_ANALYSIS = YES;
				CLANG_WARN_STRICT_PROTOTYPES = YES;
				CLANG_WARN_SUSPICIOUS_MOVE = YES;
				CLANG_WARN_UNGUARDED_AVAILABILITY = YES_AGGRESSIVE;
				CLANG_WARN_UNREACHABLE_CODE = YES;
				CLANG_WARN__DUPLICATE_METHOD_MATCH = YES;
				CODE_SIGN_IDENTITY = "iPhone Developer";
				COPY_PHASE_STRIP = NO;
				DEBUG_INFORMATION_FORMAT = dwarf;
				ENABLE_STRICT_OBJC_MSGSEND = YES;
				ENABLE_TESTABILITY = YES;
				GCC_C_LANGUAGE_STANDARD = gnu11;
				GCC_DYNAMIC_NO_PIC = NO;
				GCC_NO_COMMON_BLOCKS = YES;
				GCC_OPTIMIZATION_LEVEL = 0;
				GCC_PREPROCESSOR_DEFINITIONS = (
					"DEBUG=1",
					"$(inherited)",
				);
				GCC_WARN_64_TO_32_BIT_CONVERSION = YES;
				GCC_WARN_ABOUT_RETURN_TYPE = YES_ERROR;
				GCC_WARN_UNDECLARED_SELECTOR = YES;
				GCC_WARN_UNINITIALIZED_AUTOS = YES_AGGRESSIVE;
				GCC_WARN_UNUSED_FUNCTION = YES;
				GCC_WARN_UNUSED_VARIABLE = YES;
				IPHONEOS_DEPLOYMENT_TARGET = 11.2;
				MTL_ENABLE_DEBUG_INFO = YES;
				ONLY_ACTIVE_ARCH = YES;
				SDKROOT = iphoneos;
				SWIFT_ACTIVE_COMPILATION_CONDITIONS = DEBUG;
				SWIFT_OPTIMIZATION_LEVEL = "-Onone";
			};
			name = Debug;
		};
		16962ECD2162F23B009CD8FE /* Release */ = {
			isa = XCBuildConfiguration;
			buildSettings = {
				ALWAYS_SEARCH_USER_PATHS = NO;
				CLANG_ANALYZER_NONNULL = YES;
				CLANG_ANALYZER_NUMBER_OBJECT_CONVERSION = YES_AGGRESSIVE;
				CLANG_CXX_LANGUAGE_STANDARD = "gnu++14";
				CLANG_CXX_LIBRARY = "libc++";
				CLANG_ENABLE_MODULES = YES;
				CLANG_ENABLE_OBJC_ARC = YES;
				CLANG_WARN_BLOCK_CAPTURE_AUTORELEASING = YES;
				CLANG_WARN_BOOL_CONVERSION = YES;
				CLANG_WARN_COMMA = YES;
				CLANG_WARN_CONSTANT_CONVERSION = YES;
				CLANG_WARN_DIRECT_OBJC_ISA_USAGE = YES_ERROR;
				CLANG_WARN_DOCUMENTATION_COMMENTS = YES;
				CLANG_WARN_EMPTY_BODY = YES;
				CLANG_WARN_ENUM_CONVERSION = YES;
				CLANG_WARN_INFINITE_RECURSION = YES;
				CLANG_WARN_INT_CONVERSION = YES;
				CLANG_WARN_NON_LITERAL_NULL_CONVERSION = YES;
				CLANG_WARN_OBJC_LITERAL_CONVERSION = YES;
				CLANG_WARN_OBJC_ROOT_CLASS = YES_ERROR;
				CLANG_WARN_RANGE_LOOP_ANALYSIS = YES;
				CLANG_WARN_STRICT_PROTOTYPES = YES;
				CLANG_WARN_SUSPICIOUS_MOVE = YES;
				CLANG_WARN_UNGUARDED_AVAILABILITY = YES_AGGRESSIVE;
				CLANG_WARN_UNREACHABLE_CODE = YES;
				CLANG_WARN__DUPLICATE_METHOD_MATCH = YES;
				CODE_SIGN_IDENTITY = "iPhone Developer";
				COPY_PHASE_STRIP = NO;
				DEBUG_INFORMATION_FORMAT = "dwarf-with-dsym";
				ENABLE_NS_ASSERTIONS = NO;
				ENABLE_STRICT_OBJC_MSGSEND = YES;
				GCC_C_LANGUAGE_STANDARD = gnu11;
				GCC_NO_COMMON_BLOCKS = YES;
				GCC_WARN_64_TO_32_BIT_CONVERSION = YES;
				GCC_WARN_ABOUT_RETURN_TYPE = YES_ERROR;
				GCC_WARN_UNDECLARED_SELECTOR = YES;
				GCC_WARN_UNINITIALIZED_AUTOS = YES_AGGRESSIVE;
				GCC_WARN_UNUSED_FUNCTION = YES;
				GCC_WARN_UNUSED_VARIABLE = YES;
				IPHONEOS_DEPLOYMENT_TARGET = 11.2;
				MTL_ENABLE_DEBUG_INFO = NO;
				SDKROOT = iphoneos;
				SWIFT_OPTIMIZATION_LEVEL = "-Owholemodule";
				VALIDATE_PRODUCT = YES;
			};
			name = Release;
		};
		16962ECF2162F23B009CD8FE /* Debug */ = {
			isa = XCBuildConfiguration;
			baseConfigurationReference = CAA0692F919EA6F4130DD860 /* Pods-Chicago_Tourism_Hotspots.debug.xcconfig */;
			buildSettings = {
				ASSETCATALOG_COMPILER_APPICON_NAME = AppIcon;
				CODE_SIGN_STYLE = Automatic;
				INFOPLIST_FILE = Chicago_Tourism_Hotspots/Info.plist;
				LD_RUNPATH_SEARCH_PATHS = "$(inherited) @executable_path/Frameworks";
				PRODUCT_BUNDLE_IDENTIFIER = "TEst.Chicago-Tourism-Hotspots";
				PRODUCT_NAME = "$(TARGET_NAME)";
				SWIFT_VERSION = 4.0;
				TARGETED_DEVICE_FAMILY = "1,2";
			};
			name = Debug;
		};
		16962ED02162F23B009CD8FE /* Release */ = {
			isa = XCBuildConfiguration;
			baseConfigurationReference = 3D99EBB036D651D985F377D2 /* Pods-Chicago_Tourism_Hotspots.release.xcconfig */;
			buildSettings = {
				ASSETCATALOG_COMPILER_APPICON_NAME = AppIcon;
				CODE_SIGN_STYLE = Automatic;
				INFOPLIST_FILE = Chicago_Tourism_Hotspots/Info.plist;
				LD_RUNPATH_SEARCH_PATHS = "$(inherited) @executable_path/Frameworks";
				PRODUCT_BUNDLE_IDENTIFIER = "TEst.Chicago-Tourism-Hotspots";
				PRODUCT_NAME = "$(TARGET_NAME)";
				SWIFT_VERSION = 4.0;
				TARGETED_DEVICE_FAMILY = "1,2";
			};
			name = Release;
		};
		16962ED22162F23B009CD8FE /* Debug */ = {
			isa = XCBuildConfiguration;
			buildSettings = {
				ALWAYS_EMBED_SWIFT_STANDARD_LIBRARIES = YES;
				BUNDLE_LOADER = "$(TEST_HOST)";
				CODE_SIGN_STYLE = Automatic;
				INFOPLIST_FILE = Chicago_Tourism_HotspotsTests/Info.plist;
				LD_RUNPATH_SEARCH_PATHS = "$(inherited) @executable_path/Frameworks @loader_path/Frameworks";
				PRODUCT_BUNDLE_IDENTIFIER = "TEst.Chicago-Tourism-HotspotsTests";
				PRODUCT_NAME = "$(TARGET_NAME)";
				SWIFT_VERSION = 4.0;
				TARGETED_DEVICE_FAMILY = "1,2";
				TEST_HOST = "$(BUILT_PRODUCTS_DIR)/Chicago_Tourism_Hotspots.app/Chicago_Tourism_Hotspots";
			};
			name = Debug;
		};
		16962ED32162F23B009CD8FE /* Release */ = {
			isa = XCBuildConfiguration;
			buildSettings = {
				ALWAYS_EMBED_SWIFT_STANDARD_LIBRARIES = YES;
				BUNDLE_LOADER = "$(TEST_HOST)";
				CODE_SIGN_STYLE = Automatic;
				INFOPLIST_FILE = Chicago_Tourism_HotspotsTests/Info.plist;
				LD_RUNPATH_SEARCH_PATHS = "$(inherited) @executable_path/Frameworks @loader_path/Frameworks";
				PRODUCT_BUNDLE_IDENTIFIER = "TEst.Chicago-Tourism-HotspotsTests";
				PRODUCT_NAME = "$(TARGET_NAME)";
				SWIFT_VERSION = 4.0;
				TARGETED_DEVICE_FAMILY = "1,2";
				TEST_HOST = "$(BUILT_PRODUCTS_DIR)/Chicago_Tourism_Hotspots.app/Chicago_Tourism_Hotspots";
			};
			name = Release;
		};
		16962ED52162F23B009CD8FE /* Debug */ = {
			isa = XCBuildConfiguration;
			buildSettings = {
				ALWAYS_EMBED_SWIFT_STANDARD_LIBRARIES = YES;
				CODE_SIGN_STYLE = Automatic;
				INFOPLIST_FILE = Chicago_Tourism_HotspotsUITests/Info.plist;
				LD_RUNPATH_SEARCH_PATHS = "$(inherited) @executable_path/Frameworks @loader_path/Frameworks";
				PRODUCT_BUNDLE_IDENTIFIER = "TEst.Chicago-Tourism-HotspotsUITests";
				PRODUCT_NAME = "$(TARGET_NAME)";
				SWIFT_VERSION = 4.0;
				TARGETED_DEVICE_FAMILY = "1,2";
				TEST_TARGET_NAME = Chicago_Tourism_Hotspots;
			};
			name = Debug;
		};
		16962ED62162F23B009CD8FE /* Release */ = {
			isa = XCBuildConfiguration;
			buildSettings = {
				ALWAYS_EMBED_SWIFT_STANDARD_LIBRARIES = YES;
				CODE_SIGN_STYLE = Automatic;
				INFOPLIST_FILE = Chicago_Tourism_HotspotsUITests/Info.plist;
				LD_RUNPATH_SEARCH_PATHS = "$(inherited) @executable_path/Frameworks @loader_path/Frameworks";
				PRODUCT_BUNDLE_IDENTIFIER = "TEst.Chicago-Tourism-HotspotsUITests";
				PRODUCT_NAME = "$(TARGET_NAME)";
				SWIFT_VERSION = 4.0;
				TARGETED_DEVICE_FAMILY = "1,2";
				TEST_TARGET_NAME = Chicago_Tourism_Hotspots;
			};
			name = Release;
		};
/* End XCBuildConfiguration section */

/* Begin XCConfigurationList section */
		16962EA12162F23A009CD8FE /* Build configuration list for PBXProject "Chicago_Tourism_Hotspots" */ = {
			isa = XCConfigurationList;
			buildConfigurations = (
				16962ECC2162F23B009CD8FE /* Debug */,
				16962ECD2162F23B009CD8FE /* Release */,
			);
			defaultConfigurationIsVisible = 0;
			defaultConfigurationName = Release;
		};
		16962ECE2162F23B009CD8FE /* Build configuration list for PBXNativeTarget "Chicago_Tourism_Hotspots" */ = {
			isa = XCConfigurationList;
			buildConfigurations = (
				16962ECF2162F23B009CD8FE /* Debug */,
				16962ED02162F23B009CD8FE /* Release */,
			);
			defaultConfigurationIsVisible = 0;
			defaultConfigurationName = Release;
		};
		16962ED12162F23B009CD8FE /* Build configuration list for PBXNativeTarget "Chicago_Tourism_HotspotsTests" */ = {
			isa = XCConfigurationList;
			buildConfigurations = (
				16962ED22162F23B009CD8FE /* Debug */,
				16962ED32162F23B009CD8FE /* Release */,
			);
			defaultConfigurationIsVisible = 0;
			defaultConfigurationName = Release;
		};
		16962ED42162F23B009CD8FE /* Build configuration list for PBXNativeTarget "Chicago_Tourism_HotspotsUITests" */ = {
			isa = XCConfigurationList;
			buildConfigurations = (
				16962ED52162F23B009CD8FE /* Debug */,
				16962ED62162F23B009CD8FE /* Release */,
			);
			defaultConfigurationIsVisible = 0;
			defaultConfigurationName = Release;
		};
/* End XCConfigurationList section */
	};
	rootObject = 16962E9E2162F23A009CD8FE /* Project object */;
}
